
Microsoft Visual Studio Solution File, Format Version 12.00
# Visual Studio Version 16
VisualStudioVersion = 16.0.30907.101
MinimumVisualStudioVersion = 10.0.40219.1
Project("{FAE04EC0-301F-11D3-BF4B-00C04F79EFBC}") = "OOP2", "OOP2\OOP2.csproj", "{690DE469-42A7-408A-8FD4-D5C8A5C3A0B2}"
EndProject
Project("{FAE04EC0-301F-11D3-BF4B-00C04F79EFBC}") = "OOP3", "OOP3\OOP3.csproj", "{49212B30-B911-4AF6-A197-89531DBB4597}"
EndProject
Global
	GlobalSection(SolutionConfigurationPlatforms) = preSolution
		Debug|Any CPU = Debug|Any CPU
		Release|Any CPU = Release|Any CPU
	EndGlobalSection
	GlobalSection(ProjectConfigurationPlatforms) = postSolution
		{690DE469-42A7-408A-8FD4-D5C8A5C3A0B2}.Debug|Any CPU.ActiveCfg = Debug|Any CPU
		{690DE469-42A7-408A-8FD4-D5C8A5C3A0B2}.Debug|Any CPU.Build.0 = Debug|Any CPU
		{690DE469-42A7-408A-8FD4-D5C8A5C3A0B2}.Release|Any CPU.ActiveCfg = Release|Any CPU
		{690DE469-42A7-408A-8FD4-D5C8A5C3A0B2}.Release|Any CPU.Build.0 = Release|Any CPU
		{49212B30-B911-4AF6-A197-89531DBB4597}.Debug|Any CPU.ActiveCfg = Debug|Any CPU
		{49212B30-B911-4AF6-A197-89531DBB4597}.Debug|Any CPU.Build.0 = Debug|Any CPU
		{49212B30-B911-4AF6-A197-89531DBB4597}.Release|Any CPU.ActiveCfg = Release|Any CPU
		{49212B30-B911-4AF6-A197-89531DBB4597}.Release|Any CPU.Build.0 = Release|Any CPU
	EndGlobalSection
	GlobalSection(SolutionProperties) = preSolution
		HideSolutionNode = FALSE
	EndGlobalSection
	GlobalSection(ExtensibilityGlobals) = postSolution
		SolutionGuid = {0141183D-C2E4-4D17-AD2E-799E830B1FBB}
	EndGlobalSection
EndGlobal
